
Microsoft Visual Studio Solution File, Format Version 12.00
# Visual Studio Version 16
VisualStudioVersion = 16.0.29911.84
MinimumVisualStudioVersion = 10.0.40219.1
Project("{FAE04EC0-301F-11D3-BF4B-00C04F79EFBC}") = "Entidades", "Entidades\Entidades.csproj", "{0C6F76B0-19FB-46EB-9302-0987B3785083}"
EndProject
Project("{FAE04EC0-301F-11D3-BF4B-00C04F79EFBC}") = "Main", "Main\Main.csproj", "{13FD5B19-3834-4629-849C-67878124A6D3}"
EndProject
Global
	GlobalSection(SolutionConfigurationPlatforms) = preSolution
		Debug|Any CPU = Debug|Any CPU
		Release|Any CPU = Release|Any CPU
	EndGlobalSection
	GlobalSection(ProjectConfigurationPlatforms) = postSolution
		{0C6F76B0-19FB-46EB-9302-0987B3785083}.Debug|Any CPU.ActiveCfg = Debug|Any CPU
		{0C6F76B0-19FB-46EB-9302-0987B3785083}.Debug|Any CPU.Build.0 = Debug|Any CPU
		{0C6F76B0-19FB-46EB-9302-0987B3785083}.Release|Any CPU.ActiveCfg = Release|Any CPU
		{0C6F76B0-19FB-46EB-9302-0987B3785083}.Release|Any CPU.Build.0 = Release|Any CPU
		{13FD5B19-3834-4629-849C-67878124A6D3}.Debug|Any CPU.ActiveCfg = Debug|Any CPU
		{13FD5B19-3834-4629-849C-67878124A6D3}.Debug|Any CPU.Build.0 = Debug|Any CPU
		{13FD5B19-3834-4629-849C-67878124A6D3}.Release|Any CPU.ActiveCfg = Release|Any CPU
		{13FD5B19-3834-4629-849C-67878124A6D3}.Release|Any CPU.Build.0 = Release|Any CPU
	EndGlobalSection
	GlobalSection(SolutionProperties) = preSolution
		HideSolutionNode = FALSE
	EndGlobalSection
	GlobalSection(ExtensibilityGlobals) = postSolution
		SolutionGuid = {BF5FBAEF-49D6-4F2E-BD43-675B110CFC42}
	EndGlobalSection
EndGlobal
